
Microsoft Visual Studio Solution File, Format Version 12.00
# Visual Studio Version 16
VisualStudioVersion = 16.0.30804.86
MinimumVisualStudioVersion = 10.0.40219.1
Project("{FAE04EC0-301F-11D3-BF4B-00C04F79EFBC}") = "CityInfo.API", "CityInfo.API\CityInfo.API.csproj", "{6775D586-5A6C-485F-98AB-217A4BDBB396}"
EndProject
Global
	GlobalSection(SolutionConfigurationPlatforms) = preSolution
		Debug|Any CPU = Debug|Any CPU
		Release|Any CPU = Release|Any CPU
	EndGlobalSection
	GlobalSection(ProjectConfigurationPlatforms) = postSolution
		{6775D586-5A6C-485F-98AB-217A4BDBB396}.Debug|Any CPU.ActiveCfg = Debug|Any CPU
		{6775D586-5A6C-485F-98AB-217A4BDBB396}.Debug|Any CPU.Build.0 = Debug|Any CPU
		{6775D586-5A6C-485F-98AB-217A4BDBB396}.Release|Any CPU.ActiveCfg = Release|Any CPU
		{6775D586-5A6C-485F-98AB-217A4BDBB396}.Release|Any CPU.Build.0 = Release|Any CPU
	EndGlobalSection
	GlobalSection(SolutionProperties) = preSolution
		HideSolutionNode = FALSE
	EndGlobalSection
	GlobalSection(ExtensibilityGlobals) = postSolution
		SolutionGuid = {CE94C065-297B-4F06-B5D8-77352BE0E1AB}
	EndGlobalSection
EndGlobal
